// !$*UTF8*$!
{
	archiveVersion = 1;
	classes = {
	};
	objectVersion = 50;
	objects = {

/* Begin PBXBuildFile section */
		F85381E923225CC500AA591F /* BillboardContainer.swift in Sources */ = {isa = PBXBuildFile; fileRef = F85381E823225CC500AA591F /* BillboardContainer.swift */; };
		F85381EC23225E8D00AA591F /* BillboardViewController.swift in Sources */ = {isa = PBXBuildFile; fileRef = F85381EA23225E8D00AA591F /* BillboardViewController.swift */; };
		F891510123162BD100774335 /* AppDelegate.swift in Sources */ = {isa = PBXBuildFile; fileRef = F891510023162BD100774335 /* AppDelegate.swift */; };
		F891510523162BD100774335 /* ViewController.swift in Sources */ = {isa = PBXBuildFile; fileRef = F891510423162BD100774335 /* ViewController.swift */; };
		F891510A23162BD200774335 /* Assets.xcassets in Resources */ = {isa = PBXBuildFile; fileRef = F891510923162BD200774335 /* Assets.xcassets */; };
		F891510D23162BD200774335 /* LaunchScreen.storyboard in Resources */ = {isa = PBXBuildFile; fileRef = F891510B23162BD200774335 /* LaunchScreen.storyboard */; };
		F89772282325FD940071B26F /* TargetView.swift in Sources */ = {isa = PBXBuildFile; fileRef = F89772272325FD940071B26F /* TargetView.swift */; };
		F897722A2325FEB30071B26F /* UIViewController+Notification.swift in Sources */ = {isa = PBXBuildFile; fileRef = F89772292325FEB30071B26F /* UIViewController+Notification.swift */; };
		F897722C2325FF3F0071B26F /* WebBrowserCell.swift in Sources */ = {isa = PBXBuildFile; fileRef = F897722B2325FF3F0071B26F /* WebBrowserCell.swift */; };
		F897722E2325FF870071B26F /* VideoCell.swift in Sources */ = {isa = PBXBuildFile; fileRef = F897722D2325FF870071B26F /* VideoCell.swift */; };
		F89772302325FFC90071B26F /* ImageCell.swift in Sources */ = {isa = PBXBuildFile; fileRef = F897722F2325FFC90071B26F /* ImageCell.swift */; };
		F8977232232600240071B26F /* TestLocations.gpx in Resources */ = {isa = PBXBuildFile; fileRef = F8977231232600240071B26F /* TestLocations.gpx */; };
		F8977234232601060071B26F /* Main.storyboard in Resources */ = {isa = PBXBuildFile; fileRef = F8977233232601060071B26F /* Main.storyboard */; };
		F897723623261D4F0071B26F /* Billboard.storyboard in Resources */ = {isa = PBXBuildFile; fileRef = F897723523261D4F0071B26F /* Billboard.storyboard */; };
		F897723823261DDF0071B26F /* RectangularPlane.swift in Sources */ = {isa = PBXBuildFile; fileRef = F897723723261DDF0071B26F /* RectangularPlane.swift */; };
		F897723A23261DF70071B26F /* Constants.swift in Sources */ = {isa = PBXBuildFile; fileRef = F897723923261DF70071B26F /* Constants.swift */; };
		F8E924E42317A6CD002F1C35 /* LocationManager.swift in Sources */ = {isa = PBXBuildFile; fileRef = F8E924E32317A6CD002F1C35 /* LocationManager.swift */; };
/* End PBXBuildFile section */

/* Begin PBXFileReference section */
		F85381E823225CC500AA591F /* BillboardContainer.swift */ = {isa = PBXFileReference; lastKnownFileType = sourcecode.swift; path = BillboardContainer.swift; sourceTree = "<group>"; };
		F85381EA23225E8D00AA591F /* BillboardViewController.swift */ = {isa = PBXFileReference; lastKnownFileType = sourcecode.swift; path = BillboardViewController.swift; sourceTree = "<group>"; };
		F89150FD23162BD100774335 /* Chapter13.app */ = {isa = PBXFileReference; explicitFileType = wrapper.application; includeInIndex = 0; path = Chapter13.app; sourceTree = BUILT_PRODUCTS_DIR; };
		F891510023162BD100774335 /* AppDelegate.swift */ = {isa = PBXFileReference; lastKnownFileType = sourcecode.swift; path = AppDelegate.swift; sourceTree = "<group>"; };
		F891510423162BD100774335 /* ViewController.swift */ = {isa = PBXFileReference; lastKnownFileType = sourcecode.swift; path = ViewController.swift; sourceTree = "<group>"; };
		F891510923162BD200774335 /* Assets.xcassets */ = {isa = PBXFileReference; lastKnownFileType = folder.assetcatalog; path = Assets.xcassets; sourceTree = "<group>"; };
		F891510C23162BD200774335 /* Base */ = {isa = PBXFileReference; lastKnownFileType = file.storyboard; name = Base; path = Base.lproj/LaunchScreen.storyboard; sourceTree = "<group>"; };
		F891510E23162BD200774335 /* Info.plist */ = {isa = PBXFileReference; lastKnownFileType = text.plist.xml; path = Info.plist; sourceTree = "<group>"; };
		F89772272325FD940071B26F /* TargetView.swift */ = {isa = PBXFileReference; lastKnownFileType = sourcecode.swift; path = TargetView.swift; sourceTree = "<group>"; };
		F89772292325FEB30071B26F /* UIViewController+Notification.swift */ = {isa = PBXFileReference; lastKnownFileType = sourcecode.swift; path = "UIViewController+Notification.swift"; sourceTree = "<group>"; };
		F897722B2325FF3F0071B26F /* WebBrowserCell.swift */ = {isa = PBXFileReference; lastKnownFileType = sourcecode.swift; path = WebBrowserCell.swift; sourceTree = "<group>"; };
		F897722D2325FF870071B26F /* VideoCell.swift */ = {isa = PBXFileReference; lastKnownFileType = sourcecode.swift; path = VideoCell.swift; sourceTree = "<group>"; };
		F897722F2325FFC90071B26F /* ImageCell.swift */ = {isa = PBXFileReference; lastKnownFileType = sourcecode.swift; path = ImageCell.swift; sourceTree = "<group>"; };
		F8977231232600240071B26F /* TestLocations.gpx */ = {isa = PBXFileReference; fileEncoding = 4; lastKnownFileType = text.xml; path = TestLocations.gpx; sourceTree = "<group>"; };
		F8977233232601060071B26F /* Main.storyboard */ = {isa = PBXFileReference; fileEncoding = 4; lastKnownFileType = file.storyboard; path = Main.storyboard; sourceTree = "<group>"; };
		F897723523261D4F0071B26F /* Billboard.storyboard */ = {isa = PBXFileReference; fileEncoding = 4; lastKnownFileType = file.storyboard; path = Billboard.storyboard; sourceTree = "<group>"; };
		F897723723261DDF0071B26F /* RectangularPlane.swift */ = {isa = PBXFileReference; lastKnownFileType = sourcecode.swift; path = RectangularPlane.swift; sourceTree = "<group>"; };
		F897723923261DF70071B26F /* Constants.swift */ = {isa = PBXFileReference; lastKnownFileType = sourcecode.swift; path = Constants.swift; sourceTree = "<group>"; };
		F8E924E32317A6CD002F1C35 /* LocationManager.swift */ = {isa = PBXFileReference; lastKnownFileType = sourcecode.swift; path = LocationManager.swift; sourceTree = "<group>"; };
/* End PBXFileReference section */

/* Begin PBXFrameworksBuildPhase section */
		F89150FA23162BD100774335 /* Frameworks */ = {
			isa = PBXFrameworksBuildPhase;
			buildActionMask = 2147483647;
			files = (
			);
			runOnlyForDeploymentPostprocessing = 0;
		};
/* End PBXFrameworksBuildPhase section */

/* Begin PBXGroup section */
		F89150F423162BD100774335 = {
			isa = PBXGroup;
			children = (
				F89150FF23162BD100774335 /* Chapter13 */,
				F89150FE23162BD100774335 /* Products */,
			);
			sourceTree = "<group>";
		};
		F89150FE23162BD100774335 /* Products */ = {
			isa = PBXGroup;
			children = (
				F89150FD23162BD100774335 /* Chapter13.app */,
			);
			name = Products;
			sourceTree = "<group>";
		};
		F89150FF23162BD100774335 /* Chapter13 */ = {
			isa = PBXGroup;
			children = (
				F8977231232600240071B26F /* TestLocations.gpx */,
				F891510023162BD100774335 /* AppDelegate.swift */,
				F8E924E32317A6CD002F1C35 /* LocationManager.swift */,
				F85381E823225CC500AA591F /* BillboardContainer.swift */,
				F85381EA23225E8D00AA591F /* BillboardViewController.swift */,
				F897723523261D4F0071B26F /* Billboard.storyboard */,
				F891510423162BD100774335 /* ViewController.swift */,
				F89772272325FD940071B26F /* TargetView.swift */,
				F897723723261DDF0071B26F /* RectangularPlane.swift */,
				F897723923261DF70071B26F /* Constants.swift */,
				F89772292325FEB30071B26F /* UIViewController+Notification.swift */,
				F897722B2325FF3F0071B26F /* WebBrowserCell.swift */,
				F897722D2325FF870071B26F /* VideoCell.swift */,
				F897722F2325FFC90071B26F /* ImageCell.swift */,
				F8977233232601060071B26F /* Main.storyboard */,
				F891510923162BD200774335 /* Assets.xcassets */,
				F891510B23162BD200774335 /* LaunchScreen.storyboard */,
				F891510E23162BD200774335 /* Info.plist */,
			);
			path = Chapter13;
			sourceTree = "<group>";
		};
/* End PBXGroup section */

/* Begin PBXNativeTarget section */
		F89150FC23162BD100774335 /* Chapter13 */ = {
			isa = PBXNativeTarget;
			buildConfigurationList = F891511123162BD200774335 /* Build configuration list for PBXNativeTarget "Chapter13" */;
			buildPhases = (
				F89150F923162BD100774335 /* Sources */,
				F89150FA23162BD100774335 /* Frameworks */,
				F89150FB23162BD100774335 /* Resources */,
			);
			buildRules = (
			);
			dependencies = (
			);
			name = Chapter13;
			productName = Chapter13;
			productReference = F89150FD23162BD100774335 /* Chapter13.app */;
			productType = "com.apple.product-type.application";
		};
/* End PBXNativeTarget section */

/* Begin PBXProject section */
		F89150F523162BD100774335 /* Project object */ = {
			isa = PBXProject;
			attributes = {
				LastSwiftUpdateCheck = 1030;
				LastUpgradeCheck = 1030;
				ORGANIZATIONNAME = Frank;
				TargetAttributes = {
					F89150FC23162BD100774335 = {
						CreatedOnToolsVersion = 10.3;
					};
				};
			};
			buildConfigurationList = F89150F823162BD100774335 /* Build configuration list for PBXProject "Chapter13" */;
			compatibilityVersion = "Xcode 9.3";
			developmentRegion = en;
			hasScannedForEncodings = 0;
			knownRegions = (
				en,
				Base,
			);
			mainGroup = F89150F423162BD100774335;
			productRefGroup = F89150FE23162BD100774335 /* Products */;
			projectDirPath = "";
			projectRoot = "";
			targets = (
				F89150FC23162BD100774335 /* Chapter13 */,
			);
		};
/* End PBXProject section */

/* Begin PBXResourcesBuildPhase section */
		F89150FB23162BD100774335 /* Resources */ = {
			isa = PBXResourcesBuildPhase;
			buildActionMask = 2147483647;
			files = (
				F891510D23162BD200774335 /* LaunchScreen.storyboard in Resources */,
				F8977234232601060071B26F /* Main.storyboard in Resources */,
				F891510A23162BD200774335 /* Assets.xcassets in Resources */,
				F8977232232600240071B26F /* TestLocations.gpx in Resources */,
				F897723623261D4F0071B26F /* Billboard.storyboard in Resources */,
			);
			runOnlyForDeploymentPostprocessing = 0;
		};
/* End PBXResourcesBuildPhase section */

/* Begin PBXSourcesBuildPhase section */
		F89150F923162BD100774335 /* Sources */ = {
			isa = PBXSourcesBuildPhase;
			buildActionMask = 2147483647;
			files = (
				F897723823261DDF0071B26F /* RectangularPlane.swift in Sources */,
				F891510523162BD100774335 /* ViewController.swift in Sources */,
				F897722C2325FF3F0071B26F /* WebBrowserCell.swift in Sources */,
				F897722E2325FF870071B26F /* VideoCell.swift in Sources */,
				F897722A2325FEB30071B26F /* UIViewController+Notification.swift in Sources */,
				F85381E923225CC500AA591F /* BillboardContainer.swift in Sources */,
				F85381EC23225E8D00AA591F /* BillboardViewController.swift in Sources */,
				F891510123162BD100774335 /* AppDelegate.swift in Sources */,
				F8E924E42317A6CD002F1C35 /* LocationManager.swift in Sources */,
				F89772282325FD940071B26F /* TargetView.swift in Sources */,
				F89772302325FFC90071B26F /* ImageCell.swift in Sources */,
				F897723A23261DF70071B26F /* Constants.swift in Sources */,
			);
			runOnlyForDeploymentPostprocessing = 0;
		};
/* End PBXSourcesBuildPhase section */

/* Begin PBXVariantGroup section */
		F891510B23162BD200774335 /* LaunchScreen.storyboard */ = {
			isa = PBXVariantGroup;
			children = (
				F891510C23162BD200774335 /* Base */,
			);
			name = LaunchScreen.storyboard;
			sourceTree = "<group>";
		};
/* End PBXVariantGroup section */

/* Begin XCBuildConfiguration section */
		F891510F23162BD200774335 /* Debug */ = {
			isa = XCBuildConfiguration;
			buildSettings = {
				ALWAYS_SEARCH_USER_PATHS = NO;
				CLANG_ANALYZER_NONNULL = YES;
				CLANG_ANALYZER_NUMBER_OBJECT_CONVERSION = YES_AGGRESSIVE;
				CLANG_CXX_LANGUAGE_STANDARD = "gnu++14";
				CLANG_CXX_LIBRARY = "libc++";
				CLANG_ENABLE_MODULES = YES;
				CLANG_ENABLE_OBJC_ARC = YES;
				CLANG_ENABLE_OBJC_WEAK = YES;
				CLANG_WARN_BLOCK_CAPTURE_AUTORELEASING = YES;
				CLANG_WARN_BOOL_CONVERSION = YES;
				CLANG_WARN_COMMA = YES;
				CLANG_WARN_CONSTANT_CONVERSION = YES;
				CLANG_WARN_DEPRECATED_OBJC_IMPLEMENTATIONS = YES;
				CLANG_WARN_DIRECT_OBJC_ISA_USAGE = YES_ERROR;
				CLANG_WARN_DOCUMENTATION_COMMENTS = YES;
				CLANG_WARN_EMPTY_BODY = YES;
				CLANG_WARN_ENUM_CONVERSION = YES;
				CLANG_WARN_INFINITE_RECURSION = YES;
				CLANG_WARN_INT_CONVERSION = YES;
				CLANG_WARN_NON_LITERAL_NULL_CONVERSION = YES;
				CLANG_WARN_OBJC_IMPLICIT_RETAIN_SELF = YES;
				CLANG_WARN_OBJC_LITERAL_CONVERSION = YES;
				CLANG_WARN_OBJC_ROOT_CLASS = YES_ERROR;
				CLANG_WARN_RANGE_LOOP_ANALYSIS = YES;
				CLANG_WARN_STRICT_PROTOTYPES = YES;
				CLANG_WARN_SUSPICIOUS_MOVE = YES;
				CLANG_WARN_UNGUARDED_AVAILABILITY = YES_AGGRESSIVE;
				CLANG_WARN_UNREACHABLE_CODE = YES;
				CLANG_WARN__DUPLICATE_METHOD_MATCH = YES;
				CODE_SIGN_IDENTITY = "iPhone Developer";
				COPY_PHASE_STRIP = NO;
				DEBUG_INFORMATION_FORMAT = dwarf;
				ENABLE_STRICT_OBJC_MSGSEND = YES;
				ENABLE_TESTABILITY = YES;
				GCC_C_LANGUAGE_STANDARD = gnu11;
				GCC_DYNAMIC_NO_PIC = NO;
				GCC_NO_COMMON_BLOCKS = YES;
				GCC_OPTIMIZATION_LEVEL = 0;
				GCC_PREPROCESSOR_DEFINITIONS = (
					"DEBUG=1",
					"$(inherited)",
				);
				GCC_WARN_64_TO_32_BIT_CONVERSION = YES;
				GCC_WARN_ABOUT_RETURN_TYPE = YES_ERROR;
				GCC_WARN_UNDECLARED_SELECTOR = YES;
				GCC_WARN_UNINITIALIZED_AUTOS = YES_AGGRESSIVE;
				GCC_WARN_UNUSED_FUNCTION = YES;
				GCC_WARN_UNUSED_VARIABLE = YES;
				IPHONEOS_DEPLOYMENT_TARGET = 11.3;
				MTL_ENABLE_DEBUG_INFO = INCLUDE_SOURCE;
				MTL_FAST_MATH = YES;
				ONLY_ACTIVE_ARCH = YES;
				SDKROOT = iphoneos;
				SWIFT_ACTIVE_COMPILATION_CONDITIONS = DEBUG;
				SWIFT_OPTIMIZATION_LEVEL = "-Onone";
			};
			name = Debug;
		};
		F891511023162BD200774335 /* Release */ = {
			isa = XCBuildConfiguration;
			buildSettings = {
				ALWAYS_SEARCH_USER_PATHS = NO;
				CLANG_ANALYZER_NONNULL = YES;
				CLANG_ANALYZER_NUMBER_OBJECT_CONVERSION = YES_AGGRESSIVE;
				CLANG_CXX_LANGUAGE_STANDARD = "gnu++14";
				CLANG_CXX_LIBRARY = "libc++";
				CLANG_ENABLE_MODULES = YES;
				CLANG_ENABLE_OBJC_ARC = YES;
				CLANG_ENABLE_OBJC_WEAK = YES;
				CLANG_WARN_BLOCK_CAPTURE_AUTORELEASING = YES;
				CLANG_WARN_BOOL_CONVERSION = YES;
				CLANG_WARN_COMMA = YES;
				CLANG_WARN_CONSTANT_CONVERSION = YES;
				CLANG_WARN_DEPRECATED_OBJC_IMPLEMENTATIONS = YES;
				CLANG_WARN_DIRECT_OBJC_ISA_USAGE = YES_ERROR;
				CLANG_WARN_DOCUMENTATION_COMMENTS = YES;
				CLANG_WARN_EMPTY_BODY = YES;
				CLANG_WARN_ENUM_CONVERSION = YES;
				CLANG_WARN_INFINITE_RECURSION = YES;
				CLANG_WARN_INT_CONVERSION = YES;
				CLANG_WARN_NON_LITERAL_NULL_CONVERSION = YES;
				CLANG_WARN_OBJC_IMPLICIT_RETAIN_SELF = YES;
				CLANG_WARN_OBJC_LITERAL_CONVERSION = YES;
				CLANG_WARN_OBJC_ROOT_CLASS = YES_ERROR;
				CLANG_WARN_RANGE_LOOP_ANALYSIS = YES;
				CLANG_WARN_STRICT_PROTOTYPES = YES;
				CLANG_WARN_SUSPICIOUS_MOVE = YES;
				CLANG_WARN_UNGUARDED_AVAILABILITY = YES_AGGRESSIVE;
				CLANG_WARN_UNREACHABLE_CODE = YES;
				CLANG_WARN__DUPLICATE_METHOD_MATCH = YES;
				CODE_SIGN_IDENTITY = "iPhone Developer";
				COPY_PHASE_STRIP = NO;
				DEBUG_INFORMATION_FORMAT = "dwarf-with-dsym";
				ENABLE_NS_ASSERTIONS = NO;
				ENABLE_STRICT_OBJC_MSGSEND = YES;
				GCC_C_LANGUAGE_STANDARD = gnu11;
				GCC_NO_COMMON_BLOCKS = YES;
				GCC_WARN_64_TO_32_BIT_CONVERSION = YES;
				GCC_WARN_ABOUT_RETURN_TYPE = YES_ERROR;
				GCC_WARN_UNDECLARED_SELECTOR = YES;
				GCC_WARN_UNINITIALIZED_AUTOS = YES_AGGRESSIVE;
				GCC_WARN_UNUSED_FUNCTION = YES;
				GCC_WARN_UNUSED_VARIABLE = YES;
				IPHONEOS_DEPLOYMENT_TARGET = 11.3;
				MTL_ENABLE_DEBUG_INFO = NO;
				MTL_FAST_MATH = YES;
				SDKROOT = iphoneos;
				SWIFT_COMPILATION_MODE = wholemodule;
				SWIFT_OPTIMIZATION_LEVEL = "-O";
				VALIDATE_PRODUCT = YES;
			};
			name = Release;
		};
		F891511223162BD200774335 /* Debug */ = {
			isa = XCBuildConfiguration;
			buildSettings = {
				ASSETCATALOG_COMPILER_APPICON_NAME = AppIcon;
				CODE_SIGN_STYLE = Automatic;
				DEVELOPMENT_TEAM = Q4V7MBW45A;
				INFOPLIST_FILE = Chapter13/Info.plist;
				LD_RUNPATH_SEARCH_PATHS = (
					"$(inherited)",
					"@executable_path/Frameworks",
				);
				PRODUCT_BUNDLE_IDENTIFIER = Frank.Chapter13;
				PRODUCT_NAME = "$(TARGET_NAME)";
				SWIFT_VERSION = 4.2;
				TARGETED_DEVICE_FAMILY = "1,2";
			};
			name = Debug;
		};
		F891511323162BD200774335 /* Release */ = {
			isa = XCBuildConfiguration;
			buildSettings = {
				ASSETCATALOG_COMPILER_APPICON_NAME = AppIcon;
				CODE_SIGN_STYLE = Automatic;
				DEVELOPMENT_TEAM = Q4V7MBW45A;
				INFOPLIST_FILE = Chapter13/Info.plist;
				LD_RUNPATH_SEARCH_PATHS = (
					"$(inherited)",
					"@executable_path/Frameworks",
				);
				PRODUCT_BUNDLE_IDENTIFIER = Frank.Chapter13;
				PRODUCT_NAME = "$(TARGET_NAME)";
				SWIFT_VERSION = 4.2;
				TARGETED_DEVICE_FAMILY = "1,2";
			};
			name = Release;
		};
/* End XCBuildConfiguration section */

/* Begin XCConfigurationList section */
		F89150F823162BD100774335 /* Build configuration list for PBXProject "Chapter13" */ = {
			isa = XCConfigurationList;
			buildConfigurations = (
				F891510F23162BD200774335 /* Debug */,
				F891511023162BD200774335 /* Release */,
			);
			defaultConfigurationIsVisible = 0;
			defaultConfigurationName = Release;
		};
		F891511123162BD200774335 /* Build configuration list for PBXNativeTarget "Chapter13" */ = {
			isa = XCConfigurationList;
			buildConfigurations = (
				F891511223162BD200774335 /* Debug */,
				F891511323162BD200774335 /* Release */,
			);
			defaultConfigurationIsVisible = 0;
			defaultConfigurationName = Release;
		};
/* End XCConfigurationList section */
	};
	rootObject = F89150F523162BD100774335 /* Project object */;
}
