// !$*UTF8*$!
{
	archiveVersion = 1;
	classes = {
	};
	objectVersion = 50;
	objects = {

/* Begin PBXBuildFile section */
		F822517B230A3ECC003318FF /* AppDelegate.swift in Sources */ = {isa = PBXBuildFile; fileRef = F822517A230A3ECC003318FF /* AppDelegate.swift */; };
		F822517F230A3ECC003318FF /* ViewController.swift in Sources */ = {isa = PBXBuildFile; fileRef = F822517E230A3ECC003318FF /* ViewController.swift */; };
		F8225182230A3ECC003318FF /* Main.storyboard in Resources */ = {isa = PBXBuildFile; fileRef = F8225180230A3ECC003318FF /* Main.storyboard */; };
		F8225184230A3ECE003318FF /* Assets.xcassets in Resources */ = {isa = PBXBuildFile; fileRef = F8225183230A3ECE003318FF /* Assets.xcassets */; };
		F8225187230A3ECE003318FF /* LaunchScreen.storyboard in Resources */ = {isa = PBXBuildFile; fileRef = F8225185230A3ECE003318FF /* LaunchScreen.storyboard */; };
		F822518F230A3FF3003318FF /* RectangularPlane.swift in Sources */ = {isa = PBXBuildFile; fileRef = F822518E230A3FF3003318FF /* RectangularPlane.swift */; };
		F8225191230A470A003318FF /* BillboardContainer.swift in Sources */ = {isa = PBXBuildFile; fileRef = F8225190230A470A003318FF /* BillboardContainer.swift */; };
		F8225193230A4884003318FF /* TargetView.swift in Sources */ = {isa = PBXBuildFile; fileRef = F8225192230A4884003318FF /* TargetView.swift */; };
/* End PBXBuildFile section */

/* Begin PBXFileReference section */
		F8225177230A3ECC003318FF /* Chapter10.app */ = {isa = PBXFileReference; explicitFileType = wrapper.application; includeInIndex = 0; path = Chapter10.app; sourceTree = BUILT_PRODUCTS_DIR; };
		F822517A230A3ECC003318FF /* AppDelegate.swift */ = {isa = PBXFileReference; lastKnownFileType = sourcecode.swift; path = AppDelegate.swift; sourceTree = "<group>"; };
		F822517E230A3ECC003318FF /* ViewController.swift */ = {isa = PBXFileReference; lastKnownFileType = sourcecode.swift; path = ViewController.swift; sourceTree = "<group>"; };
		F8225181230A3ECC003318FF /* Base */ = {isa = PBXFileReference; lastKnownFileType = file.storyboard; name = Base; path = Base.lproj/Main.storyboard; sourceTree = "<group>"; };
		F8225183230A3ECE003318FF /* Assets.xcassets */ = {isa = PBXFileReference; lastKnownFileType = folder.assetcatalog; path = Assets.xcassets; sourceTree = "<group>"; };
		F8225186230A3ECE003318FF /* Base */ = {isa = PBXFileReference; lastKnownFileType = file.storyboard; name = Base; path = Base.lproj/LaunchScreen.storyboard; sourceTree = "<group>"; };
		F8225188230A3ECE003318FF /* Info.plist */ = {isa = PBXFileReference; lastKnownFileType = text.plist.xml; path = Info.plist; sourceTree = "<group>"; };
		F822518E230A3FF3003318FF /* RectangularPlane.swift */ = {isa = PBXFileReference; lastKnownFileType = sourcecode.swift; path = RectangularPlane.swift; sourceTree = "<group>"; };
		F8225190230A470A003318FF /* BillboardContainer.swift */ = {isa = PBXFileReference; lastKnownFileType = sourcecode.swift; path = BillboardContainer.swift; sourceTree = "<group>"; };
		F8225192230A4884003318FF /* TargetView.swift */ = {isa = PBXFileReference; lastKnownFileType = sourcecode.swift; path = TargetView.swift; sourceTree = "<group>"; };
/* End PBXFileReference section */

/* Begin PBXFrameworksBuildPhase section */
		F8225174230A3ECC003318FF /* Frameworks */ = {
			isa = PBXFrameworksBuildPhase;
			buildActionMask = 2147483647;
			files = (
			);
			runOnlyForDeploymentPostprocessing = 0;
		};
/* End PBXFrameworksBuildPhase section */

/* Begin PBXGroup section */
		F822516E230A3ECC003318FF = {
			isa = PBXGroup;
			children = (
				F8225179230A3ECC003318FF /* Chapter10 */,
				F8225178230A3ECC003318FF /* Products */,
			);
			sourceTree = "<group>";
		};
		F8225178230A3ECC003318FF /* Products */ = {
			isa = PBXGroup;
			children = (
				F8225177230A3ECC003318FF /* Chapter10.app */,
			);
			name = Products;
			sourceTree = "<group>";
		};
		F8225179230A3ECC003318FF /* Chapter10 */ = {
			isa = PBXGroup;
			children = (
				F822517A230A3ECC003318FF /* AppDelegate.swift */,
				F822517E230A3ECC003318FF /* ViewController.swift */,
				F822518E230A3FF3003318FF /* RectangularPlane.swift */,
				F8225190230A470A003318FF /* BillboardContainer.swift */,
				F8225192230A4884003318FF /* TargetView.swift */,
				F8225180230A3ECC003318FF /* Main.storyboard */,
				F8225183230A3ECE003318FF /* Assets.xcassets */,
				F8225185230A3ECE003318FF /* LaunchScreen.storyboard */,
				F8225188230A3ECE003318FF /* Info.plist */,
			);
			path = Chapter10;
			sourceTree = "<group>";
		};
/* End PBXGroup section */

/* Begin PBXNativeTarget section */
		F8225176230A3ECC003318FF /* Chapter10 */ = {
			isa = PBXNativeTarget;
			buildConfigurationList = F822518B230A3ECE003318FF /* Build configuration list for PBXNativeTarget "Chapter10" */;
			buildPhases = (
				F8225173230A3ECC003318FF /* Sources */,
				F8225174230A3ECC003318FF /* Frameworks */,
				F8225175230A3ECC003318FF /* Resources */,
			);
			buildRules = (
			);
			dependencies = (
			);
			name = Chapter10;
			productName = Chapter10;
			productReference = F8225177230A3ECC003318FF /* Chapter10.app */;
			productType = "com.apple.product-type.application";
		};
/* End PBXNativeTarget section */

/* Begin PBXProject section */
		F822516F230A3ECC003318FF /* Project object */ = {
			isa = PBXProject;
			attributes = {
				LastSwiftUpdateCheck = 1030;
				LastUpgradeCheck = 1030;
				ORGANIZATIONNAME = Frank;
				TargetAttributes = {
					F8225176230A3ECC003318FF = {
						CreatedOnToolsVersion = 10.3;
					};
				};
			};
			buildConfigurationList = F8225172230A3ECC003318FF /* Build configuration list for PBXProject "Chapter10" */;
			compatibilityVersion = "Xcode 9.3";
			developmentRegion = en;
			hasScannedForEncodings = 0;
			knownRegions = (
				en,
				Base,
			);
			mainGroup = F822516E230A3ECC003318FF;
			productRefGroup = F8225178230A3ECC003318FF /* Products */;
			projectDirPath = "";
			projectRoot = "";
			targets = (
				F8225176230A3ECC003318FF /* Chapter10 */,
			);
		};
/* End PBXProject section */

/* Begin PBXResourcesBuildPhase section */
		F8225175230A3ECC003318FF /* Resources */ = {
			isa = PBXResourcesBuildPhase;
			buildActionMask = 2147483647;
			files = (
				F8225187230A3ECE003318FF /* LaunchScreen.storyboard in Resources */,
				F8225184230A3ECE003318FF /* Assets.xcassets in Resources */,
				F8225182230A3ECC003318FF /* Main.storyboard in Resources */,
			);
			runOnlyForDeploymentPostprocessing = 0;
		};
/* End PBXResourcesBuildPhase section */

/* Begin PBXSourcesBuildPhase section */
		F8225173230A3ECC003318FF /* Sources */ = {
			isa = PBXSourcesBuildPhase;
			buildActionMask = 2147483647;
			files = (
				F822518F230A3FF3003318FF /* RectangularPlane.swift in Sources */,
				F8225191230A470A003318FF /* BillboardContainer.swift in Sources */,
				F822517F230A3ECC003318FF /* ViewController.swift in Sources */,
				F8225193230A4884003318FF /* TargetView.swift in Sources */,
				F822517B230A3ECC003318FF /* AppDelegate.swift in Sources */,
			);
			runOnlyForDeploymentPostprocessing = 0;
		};
/* End PBXSourcesBuildPhase section */

/* Begin PBXVariantGroup section */
		F8225180230A3ECC003318FF /* Main.storyboard */ = {
			isa = PBXVariantGroup;
			children = (
				F8225181230A3ECC003318FF /* Base */,
			);
			name = Main.storyboard;
			sourceTree = "<group>";
		};
		F8225185230A3ECE003318FF /* LaunchScreen.storyboard */ = {
			isa = PBXVariantGroup;
			children = (
				F8225186230A3ECE003318FF /* Base */,
			);
			name = LaunchScreen.storyboard;
			sourceTree = "<group>";
		};
/* End PBXVariantGroup section */

/* Begin XCBuildConfiguration section */
		F8225189230A3ECE003318FF /* Debug */ = {
			isa = XCBuildConfiguration;
			buildSettings = {
				ALWAYS_SEARCH_USER_PATHS = NO;
				CLANG_ANALYZER_NONNULL = YES;
				CLANG_ANALYZER_NUMBER_OBJECT_CONVERSION = YES_AGGRESSIVE;
				CLANG_CXX_LANGUAGE_STANDARD = "gnu++14";
				CLANG_CXX_LIBRARY = "libc++";
				CLANG_ENABLE_MODULES = YES;
				CLANG_ENABLE_OBJC_ARC = YES;
				CLANG_ENABLE_OBJC_WEAK = YES;
				CLANG_WARN_BLOCK_CAPTURE_AUTORELEASING = YES;
				CLANG_WARN_BOOL_CONVERSION = YES;
				CLANG_WARN_COMMA = YES;
				CLANG_WARN_CONSTANT_CONVERSION = YES;
				CLANG_WARN_DEPRECATED_OBJC_IMPLEMENTATIONS = YES;
				CLANG_WARN_DIRECT_OBJC_ISA_USAGE = YES_ERROR;
				CLANG_WARN_DOCUMENTATION_COMMENTS = YES;
				CLANG_WARN_EMPTY_BODY = YES;
				CLANG_WARN_ENUM_CONVERSION = YES;
				CLANG_WARN_INFINITE_RECURSION = YES;
				CLANG_WARN_INT_CONVERSION = YES;
				CLANG_WARN_NON_LITERAL_NULL_CONVERSION = YES;
				CLANG_WARN_OBJC_IMPLICIT_RETAIN_SELF = YES;
				CLANG_WARN_OBJC_LITERAL_CONVERSION = YES;
				CLANG_WARN_OBJC_ROOT_CLASS = YES_ERROR;
				CLANG_WARN_RANGE_LOOP_ANALYSIS = YES;
				CLANG_WARN_STRICT_PROTOTYPES = YES;
				CLANG_WARN_SUSPICIOUS_MOVE = YES;
				CLANG_WARN_UNGUARDED_AVAILABILITY = YES_AGGRESSIVE;
				CLANG_WARN_UNREACHABLE_CODE = YES;
				CLANG_WARN__DUPLICATE_METHOD_MATCH = YES;
				CODE_SIGN_IDENTITY = "iPhone Developer";
				COPY_PHASE_STRIP = NO;
				DEBUG_INFORMATION_FORMAT = dwarf;
				ENABLE_STRICT_OBJC_MSGSEND = YES;
				ENABLE_TESTABILITY = YES;
				GCC_C_LANGUAGE_STANDARD = gnu11;
				GCC_DYNAMIC_NO_PIC = NO;
				GCC_NO_COMMON_BLOCKS = YES;
				GCC_OPTIMIZATION_LEVEL = 0;
				GCC_PREPROCESSOR_DEFINITIONS = (
					"DEBUG=1",
					"$(inherited)",
				);
				GCC_WARN_64_TO_32_BIT_CONVERSION = YES;
				GCC_WARN_ABOUT_RETURN_TYPE = YES_ERROR;
				GCC_WARN_UNDECLARED_SELECTOR = YES;
				GCC_WARN_UNINITIALIZED_AUTOS = YES_AGGRESSIVE;
				GCC_WARN_UNUSED_FUNCTION = YES;
				GCC_WARN_UNUSED_VARIABLE = YES;
				IPHONEOS_DEPLOYMENT_TARGET = 11.0;
				MTL_ENABLE_DEBUG_INFO = INCLUDE_SOURCE;
				MTL_FAST_MATH = YES;
				ONLY_ACTIVE_ARCH = YES;
				SDKROOT = iphoneos;
				SWIFT_ACTIVE_COMPILATION_CONDITIONS = DEBUG;
				SWIFT_OPTIMIZATION_LEVEL = "-Onone";
			};
			name = Debug;
		};
		F822518A230A3ECE003318FF /* Release */ = {
			isa = XCBuildConfiguration;
			buildSettings = {
				ALWAYS_SEARCH_USER_PATHS = NO;
				CLANG_ANALYZER_NONNULL = YES;
				CLANG_ANALYZER_NUMBER_OBJECT_CONVERSION = YES_AGGRESSIVE;
				CLANG_CXX_LANGUAGE_STANDARD = "gnu++14";
				CLANG_CXX_LIBRARY = "libc++";
				CLANG_ENABLE_MODULES = YES;
				CLANG_ENABLE_OBJC_ARC = YES;
				CLANG_ENABLE_OBJC_WEAK = YES;
				CLANG_WARN_BLOCK_CAPTURE_AUTORELEASING = YES;
				CLANG_WARN_BOOL_CONVERSION = YES;
				CLANG_WARN_COMMA = YES;
				CLANG_WARN_CONSTANT_CONVERSION = YES;
				CLANG_WARN_DEPRECATED_OBJC_IMPLEMENTATIONS = YES;
				CLANG_WARN_DIRECT_OBJC_ISA_USAGE = YES_ERROR;
				CLANG_WARN_DOCUMENTATION_COMMENTS = YES;
				CLANG_WARN_EMPTY_BODY = YES;
				CLANG_WARN_ENUM_CONVERSION = YES;
				CLANG_WARN_INFINITE_RECURSION = YES;
				CLANG_WARN_INT_CONVERSION = YES;
				CLANG_WARN_NON_LITERAL_NULL_CONVERSION = YES;
				CLANG_WARN_OBJC_IMPLICIT_RETAIN_SELF = YES;
				CLANG_WARN_OBJC_LITERAL_CONVERSION = YES;
				CLANG_WARN_OBJC_ROOT_CLASS = YES_ERROR;
				CLANG_WARN_RANGE_LOOP_ANALYSIS = YES;
				CLANG_WARN_STRICT_PROTOTYPES = YES;
				CLANG_WARN_SUSPICIOUS_MOVE = YES;
				CLANG_WARN_UNGUARDED_AVAILABILITY = YES_AGGRESSIVE;
				CLANG_WARN_UNREACHABLE_CODE = YES;
				CLANG_WARN__DUPLICATE_METHOD_MATCH = YES;
				CODE_SIGN_IDENTITY = "iPhone Developer";
				COPY_PHASE_STRIP = NO;
				DEBUG_INFORMATION_FORMAT = "dwarf-with-dsym";
				ENABLE_NS_ASSERTIONS = NO;
				ENABLE_STRICT_OBJC_MSGSEND = YES;
				GCC_C_LANGUAGE_STANDARD = gnu11;
				GCC_NO_COMMON_BLOCKS = YES;
				GCC_WARN_64_TO_32_BIT_CONVERSION = YES;
				GCC_WARN_ABOUT_RETURN_TYPE = YES_ERROR;
				GCC_WARN_UNDECLARED_SELECTOR = YES;
				GCC_WARN_UNINITIALIZED_AUTOS = YES_AGGRESSIVE;
				GCC_WARN_UNUSED_FUNCTION = YES;
				GCC_WARN_UNUSED_VARIABLE = YES;
				IPHONEOS_DEPLOYMENT_TARGET = 11.0;
				MTL_ENABLE_DEBUG_INFO = NO;
				MTL_FAST_MATH = YES;
				SDKROOT = iphoneos;
				SWIFT_COMPILATION_MODE = wholemodule;
				SWIFT_OPTIMIZATION_LEVEL = "-O";
				VALIDATE_PRODUCT = YES;
			};
			name = Release;
		};
		F822518C230A3ECE003318FF /* Debug */ = {
			isa = XCBuildConfiguration;
			buildSettings = {
				ASSETCATALOG_COMPILER_APPICON_NAME = AppIcon;
				CODE_SIGN_STYLE = Automatic;
				DEVELOPMENT_TEAM = Q4V7MBW45A;
				INFOPLIST_FILE = Chapter10/Info.plist;
				LD_RUNPATH_SEARCH_PATHS = (
					"$(inherited)",
					"@executable_path/Frameworks",
				);
				PRODUCT_BUNDLE_IDENTIFIER = Frank.Chapter10;
				PRODUCT_NAME = "$(TARGET_NAME)";
				SWIFT_VERSION = 5.0;
				TARGETED_DEVICE_FAMILY = "1,2";
			};
			name = Debug;
		};
		F822518D230A3ECE003318FF /* Release */ = {
			isa = XCBuildConfiguration;
			buildSettings = {
				ASSETCATALOG_COMPILER_APPICON_NAME = AppIcon;
				CODE_SIGN_STYLE = Automatic;
				DEVELOPMENT_TEAM = Q4V7MBW45A;
				INFOPLIST_FILE = Chapter10/Info.plist;
				LD_RUNPATH_SEARCH_PATHS = (
					"$(inherited)",
					"@executable_path/Frameworks",
				);
				PRODUCT_BUNDLE_IDENTIFIER = Frank.Chapter10;
				PRODUCT_NAME = "$(TARGET_NAME)";
				SWIFT_VERSION = 5.0;
				TARGETED_DEVICE_FAMILY = "1,2";
			};
			name = Release;
		};
/* End XCBuildConfiguration section */

/* Begin XCConfigurationList section */
		F8225172230A3ECC003318FF /* Build configuration list for PBXProject "Chapter10" */ = {
			isa = XCConfigurationList;
			buildConfigurations = (
				F8225189230A3ECE003318FF /* Debug */,
				F822518A230A3ECE003318FF /* Release */,
			);
			defaultConfigurationIsVisible = 0;
			defaultConfigurationName = Release;
		};
		F822518B230A3ECE003318FF /* Build configuration list for PBXNativeTarget "Chapter10" */ = {
			isa = XCConfigurationList;
			buildConfigurations = (
				F822518C230A3ECE003318FF /* Debug */,
				F822518D230A3ECE003318FF /* Release */,
			);
			defaultConfigurationIsVisible = 0;
			defaultConfigurationName = Release;
		};
/* End XCConfigurationList section */
	};
	rootObject = F822516F230A3ECC003318FF /* Project object */;
}
