// !$*UTF8*$!
{
	archiveVersion = 1;
	classes = {
	};
	objectVersion = 50;
	objects = {

/* Begin PBXBuildFile section */
		F8F1741122F95BA1002BD74E /* AppDelegate.swift in Sources */ = {isa = PBXBuildFile; fileRef = F8F1741022F95BA1002BD74E /* AppDelegate.swift */; };
		F8F1741A22F95BA3002BD74E /* Assets.xcassets in Resources */ = {isa = PBXBuildFile; fileRef = F8F1741922F95BA3002BD74E /* Assets.xcassets */; };
		F8F1741D22F95BA3002BD74E /* LaunchScreen.storyboard in Resources */ = {isa = PBXBuildFile; fileRef = F8F1741B22F95BA3002BD74E /* LaunchScreen.storyboard */; };
		F8F1742922F95C03002BD74E /* Main.storyboard in Resources */ = {isa = PBXBuildFile; fileRef = F8F1742622F95C03002BD74E /* Main.storyboard */; };
		F8F1742A22F95C03002BD74E /* ViewController.swift in Sources */ = {isa = PBXBuildFile; fileRef = F8F1742822F95C03002BD74E /* ViewController.swift */; };
		F8F1742C22F95D71002BD74E /* ARResource.scnassets in Resources */ = {isa = PBXBuildFile; fileRef = F8F1742B22F95D71002BD74E /* ARResource.scnassets */; };
/* End PBXBuildFile section */

/* Begin PBXFileReference section */
		F8F1740D22F95BA1002BD74E /* Chapter04.app */ = {isa = PBXFileReference; explicitFileType = wrapper.application; includeInIndex = 0; path = Chapter04.app; sourceTree = BUILT_PRODUCTS_DIR; };
		F8F1741022F95BA1002BD74E /* AppDelegate.swift */ = {isa = PBXFileReference; lastKnownFileType = sourcecode.swift; path = AppDelegate.swift; sourceTree = "<group>"; };
		F8F1741922F95BA3002BD74E /* Assets.xcassets */ = {isa = PBXFileReference; lastKnownFileType = folder.assetcatalog; path = Assets.xcassets; sourceTree = "<group>"; };
		F8F1741C22F95BA3002BD74E /* Base */ = {isa = PBXFileReference; lastKnownFileType = file.storyboard; name = Base; path = Base.lproj/LaunchScreen.storyboard; sourceTree = "<group>"; };
		F8F1741E22F95BA3002BD74E /* Info.plist */ = {isa = PBXFileReference; lastKnownFileType = text.plist.xml; path = Info.plist; sourceTree = "<group>"; };
		F8F1742722F95C03002BD74E /* Base */ = {isa = PBXFileReference; lastKnownFileType = file.storyboard; name = Base; path = ../../Chapter03/Chapter03/Base.lproj/Main.storyboard; sourceTree = "<group>"; };
		F8F1742822F95C03002BD74E /* ViewController.swift */ = {isa = PBXFileReference; fileEncoding = 4; lastKnownFileType = sourcecode.swift; name = ViewController.swift; path = ../../Chapter03/Chapter03/ViewController.swift; sourceTree = "<group>"; };
		F8F1742B22F95D71002BD74E /* ARResource.scnassets */ = {isa = PBXFileReference; lastKnownFileType = wrapper.scnassets; path = ARResource.scnassets; sourceTree = "<group>"; };
/* End PBXFileReference section */

/* Begin PBXFrameworksBuildPhase section */
		F8F1740A22F95BA1002BD74E /* Frameworks */ = {
			isa = PBXFrameworksBuildPhase;
			buildActionMask = 2147483647;
			files = (
			);
			runOnlyForDeploymentPostprocessing = 0;
		};
/* End PBXFrameworksBuildPhase section */

/* Begin PBXGroup section */
		F8F1740422F95BA1002BD74E = {
			isa = PBXGroup;
			children = (
				F8F1740F22F95BA1002BD74E /* Chapter04 */,
				F8F1740E22F95BA1002BD74E /* Products */,
			);
			sourceTree = "<group>";
		};
		F8F1740E22F95BA1002BD74E /* Products */ = {
			isa = PBXGroup;
			children = (
				F8F1740D22F95BA1002BD74E /* Chapter04.app */,
			);
			name = Products;
			sourceTree = "<group>";
		};
		F8F1740F22F95BA1002BD74E /* Chapter04 */ = {
			isa = PBXGroup;
			children = (
				F8F1742B22F95D71002BD74E /* ARResource.scnassets */,
				F8F1741022F95BA1002BD74E /* AppDelegate.swift */,
				F8F1742622F95C03002BD74E /* Main.storyboard */,
				F8F1742822F95C03002BD74E /* ViewController.swift */,
				F8F1741922F95BA3002BD74E /* Assets.xcassets */,
				F8F1741B22F95BA3002BD74E /* LaunchScreen.storyboard */,
				F8F1741E22F95BA3002BD74E /* Info.plist */,
			);
			path = Chapter04;
			sourceTree = "<group>";
		};
/* End PBXGroup section */

/* Begin PBXNativeTarget section */
		F8F1740C22F95BA1002BD74E /* Chapter04 */ = {
			isa = PBXNativeTarget;
			buildConfigurationList = F8F1742122F95BA3002BD74E /* Build configuration list for PBXNativeTarget "Chapter04" */;
			buildPhases = (
				F8F1740922F95BA1002BD74E /* Sources */,
				F8F1740A22F95BA1002BD74E /* Frameworks */,
				F8F1740B22F95BA1002BD74E /* Resources */,
			);
			buildRules = (
			);
			dependencies = (
			);
			name = Chapter04;
			productName = Chapter04;
			productReference = F8F1740D22F95BA1002BD74E /* Chapter04.app */;
			productType = "com.apple.product-type.application";
		};
/* End PBXNativeTarget section */

/* Begin PBXProject section */
		F8F1740522F95BA1002BD74E /* Project object */ = {
			isa = PBXProject;
			attributes = {
				LastSwiftUpdateCheck = 1030;
				LastUpgradeCheck = 1030;
				ORGANIZATIONNAME = Frank;
				TargetAttributes = {
					F8F1740C22F95BA1002BD74E = {
						CreatedOnToolsVersion = 10.3;
					};
				};
			};
			buildConfigurationList = F8F1740822F95BA1002BD74E /* Build configuration list for PBXProject "Chapter04" */;
			compatibilityVersion = "Xcode 9.3";
			developmentRegion = en;
			hasScannedForEncodings = 0;
			knownRegions = (
				en,
				Base,
			);
			mainGroup = F8F1740422F95BA1002BD74E;
			productRefGroup = F8F1740E22F95BA1002BD74E /* Products */;
			projectDirPath = "";
			projectRoot = "";
			targets = (
				F8F1740C22F95BA1002BD74E /* Chapter04 */,
			);
		};
/* End PBXProject section */

/* Begin PBXResourcesBuildPhase section */
		F8F1740B22F95BA1002BD74E /* Resources */ = {
			isa = PBXResourcesBuildPhase;
			buildActionMask = 2147483647;
			files = (
				F8F1742C22F95D71002BD74E /* ARResource.scnassets in Resources */,
				F8F1741D22F95BA3002BD74E /* LaunchScreen.storyboard in Resources */,
				F8F1741A22F95BA3002BD74E /* Assets.xcassets in Resources */,
				F8F1742922F95C03002BD74E /* Main.storyboard in Resources */,
			);
			runOnlyForDeploymentPostprocessing = 0;
		};
/* End PBXResourcesBuildPhase section */

/* Begin PBXSourcesBuildPhase section */
		F8F1740922F95BA1002BD74E /* Sources */ = {
			isa = PBXSourcesBuildPhase;
			buildActionMask = 2147483647;
			files = (
				F8F1742A22F95C03002BD74E /* ViewController.swift in Sources */,
				F8F1741122F95BA1002BD74E /* AppDelegate.swift in Sources */,
			);
			runOnlyForDeploymentPostprocessing = 0;
		};
/* End PBXSourcesBuildPhase section */

/* Begin PBXVariantGroup section */
		F8F1741B22F95BA3002BD74E /* LaunchScreen.storyboard */ = {
			isa = PBXVariantGroup;
			children = (
				F8F1741C22F95BA3002BD74E /* Base */,
			);
			name = LaunchScreen.storyboard;
			sourceTree = "<group>";
		};
		F8F1742622F95C03002BD74E /* Main.storyboard */ = {
			isa = PBXVariantGroup;
			children = (
				F8F1742722F95C03002BD74E /* Base */,
			);
			name = Main.storyboard;
			sourceTree = "<group>";
		};
/* End PBXVariantGroup section */

/* Begin XCBuildConfiguration section */
		F8F1741F22F95BA3002BD74E /* Debug */ = {
			isa = XCBuildConfiguration;
			buildSettings = {
				ALWAYS_SEARCH_USER_PATHS = NO;
				CLANG_ANALYZER_NONNULL = YES;
				CLANG_ANALYZER_NUMBER_OBJECT_CONVERSION = YES_AGGRESSIVE;
				CLANG_CXX_LANGUAGE_STANDARD = "gnu++14";
				CLANG_CXX_LIBRARY = "libc++";
				CLANG_ENABLE_MODULES = YES;
				CLANG_ENABLE_OBJC_ARC = YES;
				CLANG_ENABLE_OBJC_WEAK = YES;
				CLANG_WARN_BLOCK_CAPTURE_AUTORELEASING = YES;
				CLANG_WARN_BOOL_CONVERSION = YES;
				CLANG_WARN_COMMA = YES;
				CLANG_WARN_CONSTANT_CONVERSION = YES;
				CLANG_WARN_DEPRECATED_OBJC_IMPLEMENTATIONS = YES;
				CLANG_WARN_DIRECT_OBJC_ISA_USAGE = YES_ERROR;
				CLANG_WARN_DOCUMENTATION_COMMENTS = YES;
				CLANG_WARN_EMPTY_BODY = YES;
				CLANG_WARN_ENUM_CONVERSION = YES;
				CLANG_WARN_INFINITE_RECURSION = YES;
				CLANG_WARN_INT_CONVERSION = YES;
				CLANG_WARN_NON_LITERAL_NULL_CONVERSION = YES;
				CLANG_WARN_OBJC_IMPLICIT_RETAIN_SELF = YES;
				CLANG_WARN_OBJC_LITERAL_CONVERSION = YES;
				CLANG_WARN_OBJC_ROOT_CLASS = YES_ERROR;
				CLANG_WARN_RANGE_LOOP_ANALYSIS = YES;
				CLANG_WARN_STRICT_PROTOTYPES = YES;
				CLANG_WARN_SUSPICIOUS_MOVE = YES;
				CLANG_WARN_UNGUARDED_AVAILABILITY = YES_AGGRESSIVE;
				CLANG_WARN_UNREACHABLE_CODE = YES;
				CLANG_WARN__DUPLICATE_METHOD_MATCH = YES;
				CODE_SIGN_IDENTITY = "iPhone Developer";
				COPY_PHASE_STRIP = NO;
				DEBUG_INFORMATION_FORMAT = dwarf;
				ENABLE_STRICT_OBJC_MSGSEND = YES;
				ENABLE_TESTABILITY = YES;
				GCC_C_LANGUAGE_STANDARD = gnu11;
				GCC_DYNAMIC_NO_PIC = NO;
				GCC_NO_COMMON_BLOCKS = YES;
				GCC_OPTIMIZATION_LEVEL = 0;
				GCC_PREPROCESSOR_DEFINITIONS = (
					"DEBUG=1",
					"$(inherited)",
				);
				GCC_WARN_64_TO_32_BIT_CONVERSION = YES;
				GCC_WARN_ABOUT_RETURN_TYPE = YES_ERROR;
				GCC_WARN_UNDECLARED_SELECTOR = YES;
				GCC_WARN_UNINITIALIZED_AUTOS = YES_AGGRESSIVE;
				GCC_WARN_UNUSED_FUNCTION = YES;
				GCC_WARN_UNUSED_VARIABLE = YES;
				IPHONEOS_DEPLOYMENT_TARGET = 11.0;
				MTL_ENABLE_DEBUG_INFO = INCLUDE_SOURCE;
				MTL_FAST_MATH = YES;
				ONLY_ACTIVE_ARCH = YES;
				SDKROOT = iphoneos;
				SWIFT_ACTIVE_COMPILATION_CONDITIONS = DEBUG;
				SWIFT_OPTIMIZATION_LEVEL = "-Onone";
			};
			name = Debug;
		};
		F8F1742022F95BA3002BD74E /* Release */ = {
			isa = XCBuildConfiguration;
			buildSettings = {
				ALWAYS_SEARCH_USER_PATHS = NO;
				CLANG_ANALYZER_NONNULL = YES;
				CLANG_ANALYZER_NUMBER_OBJECT_CONVERSION = YES_AGGRESSIVE;
				CLANG_CXX_LANGUAGE_STANDARD = "gnu++14";
				CLANG_CXX_LIBRARY = "libc++";
				CLANG_ENABLE_MODULES = YES;
				CLANG_ENABLE_OBJC_ARC = YES;
				CLANG_ENABLE_OBJC_WEAK = YES;
				CLANG_WARN_BLOCK_CAPTURE_AUTORELEASING = YES;
				CLANG_WARN_BOOL_CONVERSION = YES;
				CLANG_WARN_COMMA = YES;
				CLANG_WARN_CONSTANT_CONVERSION = YES;
				CLANG_WARN_DEPRECATED_OBJC_IMPLEMENTATIONS = YES;
				CLANG_WARN_DIRECT_OBJC_ISA_USAGE = YES_ERROR;
				CLANG_WARN_DOCUMENTATION_COMMENTS = YES;
				CLANG_WARN_EMPTY_BODY = YES;
				CLANG_WARN_ENUM_CONVERSION = YES;
				CLANG_WARN_INFINITE_RECURSION = YES;
				CLANG_WARN_INT_CONVERSION = YES;
				CLANG_WARN_NON_LITERAL_NULL_CONVERSION = YES;
				CLANG_WARN_OBJC_IMPLICIT_RETAIN_SELF = YES;
				CLANG_WARN_OBJC_LITERAL_CONVERSION = YES;
				CLANG_WARN_OBJC_ROOT_CLASS = YES_ERROR;
				CLANG_WARN_RANGE_LOOP_ANALYSIS = YES;
				CLANG_WARN_STRICT_PROTOTYPES = YES;
				CLANG_WARN_SUSPICIOUS_MOVE = YES;
				CLANG_WARN_UNGUARDED_AVAILABILITY = YES_AGGRESSIVE;
				CLANG_WARN_UNREACHABLE_CODE = YES;
				CLANG_WARN__DUPLICATE_METHOD_MATCH = YES;
				CODE_SIGN_IDENTITY = "iPhone Developer";
				COPY_PHASE_STRIP = NO;
				DEBUG_INFORMATION_FORMAT = "dwarf-with-dsym";
				ENABLE_NS_ASSERTIONS = NO;
				ENABLE_STRICT_OBJC_MSGSEND = YES;
				GCC_C_LANGUAGE_STANDARD = gnu11;
				GCC_NO_COMMON_BLOCKS = YES;
				GCC_WARN_64_TO_32_BIT_CONVERSION = YES;
				GCC_WARN_ABOUT_RETURN_TYPE = YES_ERROR;
				GCC_WARN_UNDECLARED_SELECTOR = YES;
				GCC_WARN_UNINITIALIZED_AUTOS = YES_AGGRESSIVE;
				GCC_WARN_UNUSED_FUNCTION = YES;
				GCC_WARN_UNUSED_VARIABLE = YES;
				IPHONEOS_DEPLOYMENT_TARGET = 11.0;
				MTL_ENABLE_DEBUG_INFO = NO;
				MTL_FAST_MATH = YES;
				SDKROOT = iphoneos;
				SWIFT_COMPILATION_MODE = wholemodule;
				SWIFT_OPTIMIZATION_LEVEL = "-O";
				VALIDATE_PRODUCT = YES;
			};
			name = Release;
		};
		F8F1742222F95BA3002BD74E /* Debug */ = {
			isa = XCBuildConfiguration;
			buildSettings = {
				ASSETCATALOG_COMPILER_APPICON_NAME = AppIcon;
				CODE_SIGN_STYLE = Automatic;
				DEVELOPMENT_TEAM = Q4V7MBW45A;
				INFOPLIST_FILE = Chapter04/Info.plist;
				LD_RUNPATH_SEARCH_PATHS = (
					"$(inherited)",
					"@executable_path/Frameworks",
				);
				PRODUCT_BUNDLE_IDENTIFIER = Frank.Chapter04;
				PRODUCT_NAME = "$(TARGET_NAME)";
				SWIFT_VERSION = 5.0;
				TARGETED_DEVICE_FAMILY = "1,2";
			};
			name = Debug;
		};
		F8F1742322F95BA3002BD74E /* Release */ = {
			isa = XCBuildConfiguration;
			buildSettings = {
				ASSETCATALOG_COMPILER_APPICON_NAME = AppIcon;
				CODE_SIGN_STYLE = Automatic;
				DEVELOPMENT_TEAM = Q4V7MBW45A;
				INFOPLIST_FILE = Chapter04/Info.plist;
				LD_RUNPATH_SEARCH_PATHS = (
					"$(inherited)",
					"@executable_path/Frameworks",
				);
				PRODUCT_BUNDLE_IDENTIFIER = Frank.Chapter04;
				PRODUCT_NAME = "$(TARGET_NAME)";
				SWIFT_VERSION = 5.0;
				TARGETED_DEVICE_FAMILY = "1,2";
			};
			name = Release;
		};
/* End XCBuildConfiguration section */

/* Begin XCConfigurationList section */
		F8F1740822F95BA1002BD74E /* Build configuration list for PBXProject "Chapter04" */ = {
			isa = XCConfigurationList;
			buildConfigurations = (
				F8F1741F22F95BA3002BD74E /* Debug */,
				F8F1742022F95BA3002BD74E /* Release */,
			);
			defaultConfigurationIsVisible = 0;
			defaultConfigurationName = Release;
		};
		F8F1742122F95BA3002BD74E /* Build configuration list for PBXNativeTarget "Chapter04" */ = {
			isa = XCConfigurationList;
			buildConfigurations = (
				F8F1742222F95BA3002BD74E /* Debug */,
				F8F1742322F95BA3002BD74E /* Release */,
			);
			defaultConfigurationIsVisible = 0;
			defaultConfigurationName = Release;
		};
/* End XCConfigurationList section */
	};
	rootObject = F8F1740522F95BA1002BD74E /* Project object */;
}
